
Microsoft Visual Studio Solution File, Format Version 12.00
# Visual Studio Version 17
VisualStudioVersion = 17.0.31903.59
MinimumVisualStudioVersion = 10.0.40219.1
Project("{FAE04EC0-301F-11D3-BF4B-00C04F79EFBC}") = "blazor-text-counter", "blazor-text-counter.csproj", "{33B90E00-D9B8-4D56-9F4C-278A8426C293}"
EndProject
Global
	GlobalSection(SolutionConfigurationPlatforms) = preSolution
		Debug|Any CPU = Debug|Any CPU
		Release|Any CPU = Release|Any CPU
	EndGlobalSection
	GlobalSection(ProjectConfigurationPlatforms) = postSolution
		{33B90E00-D9B8-4D56-9F4C-278A8426C293}.Debug|Any CPU.ActiveCfg = Debug|Any CPU
		{33B90E00-D9B8-4D56-9F4C-278A8426C293}.Debug|Any CPU.Build.0 = Debug|Any CPU
		{33B90E00-D9B8-4D56-9F4C-278A8426C293}.Release|Any CPU.ActiveCfg = Release|Any CPU
		{33B90E00-D9B8-4D56-9F4C-278A8426C293}.Release|Any CPU.Build.0 = Release|Any CPU
	EndGlobalSection
	GlobalSection(SolutionProperties) = preSolution
		HideSolutionNode = FALSE
	EndGlobalSection
	GlobalSection(ExtensibilityGlobals) = postSolution
		SolutionGuid = {23278A29-0EE9-4300-9936-69B406786442}
	EndGlobalSection
EndGlobal
